
Microsoft Visual Studio Solution File, Format Version 12.00
# Visual Studio Version 17
VisualStudioVersion = 17.6.33723.286
MinimumVisualStudioVersion = 10.0.40219.1
Project("{8BC9CEB8-8B4A-11D0-8D11-00A0C91BC942}") = "ConsoleApplication4", "ConsoleApplication4\ConsoleApplication4.vcxproj", "{BD0F5EE9-CD4B-4EE1-B12B-6FA42E88BF44}"
EndProject
Global
	GlobalSection(SolutionConfigurationPlatforms) = preSolution
		Debug|x64 = Debug|x64
		Debug|x86 = Debug|x86
		Release|x64 = Release|x64
		Release|x86 = Release|x86
	EndGlobalSection
	GlobalSection(ProjectConfigurationPlatforms) = postSolution
		{BD0F5EE9-CD4B-4EE1-B12B-6FA42E88BF44}.Debug|x64.ActiveCfg = Debug|x64
		{BD0F5EE9-CD4B-4EE1-B12B-6FA42E88BF44}.Debug|x64.Build.0 = Debug|x64
		{BD0F5EE9-CD4B-4EE1-B12B-6FA42E88BF44}.Debug|x86.ActiveCfg = Debug|Win32
		{BD0F5EE9-CD4B-4EE1-B12B-6FA42E88BF44}.Debug|x86.Build.0 = Debug|Win32
		{BD0F5EE9-CD4B-4EE1-B12B-6FA42E88BF44}.Release|x64.ActiveCfg = Release|x64
		{BD0F5EE9-CD4B-4EE1-B12B-6FA42E88BF44}.Release|x64.Build.0 = Release|x64
		{BD0F5EE9-CD4B-4EE1-B12B-6FA42E88BF44}.Release|x86.ActiveCfg = Release|Win32
		{BD0F5EE9-CD4B-4EE1-B12B-6FA42E88BF44}.Release|x86.Build.0 = Release|Win32
	EndGlobalSection
	GlobalSection(SolutionProperties) = preSolution
		HideSolutionNode = FALSE
	EndGlobalSection
	GlobalSection(ExtensibilityGlobals) = postSolution
		SolutionGuid = {8D5DCF74-EA8F-4AB6-BE42-6BE784E4CB00}
	EndGlobalSection
EndGlobal
